// !$*UTF8*$!
{
	archiveVersion = 1;
	classes = {
	};
	objectVersion = 77;
	objects = {

/* Begin PBXContainerItemProxy section */
		375696402CB8CB8A0026C836 /* PBXContainerItemProxy */ = {
			isa = PBXContainerItemProxy;
			containerPortal = 375696212CB8CB870026C836 /* Project object */;
			proxyType = 1;
			remoteGlobalIDString = 375696282CB8CB870026C836;
			remoteInfo = InstaFeed;
		};
		3756964A2CB8CB8B0026C836 /* PBXContainerItemProxy */ = {
			isa = PBXContainerItemProxy;
			containerPortal = 375696212CB8CB870026C836 /* Project object */;
			proxyType = 1;
			remoteGlobalIDString = 375696282CB8CB870026C836;
			remoteInfo = InstaFeed;
		};
/* End PBXContainerItemProxy section */

/* Begin PBXFileReference section */
		375696292CB8CB870026C836 /* InstaFeed.app */ = {isa = PBXFileReference; explicitFileType = wrapper.application; includeInIndex = 0; path = InstaFeed.app; sourceTree = BUILT_PRODUCTS_DIR; };
		3756963F2CB8CB8A0026C836 /* InstaFeedTests.xctest */ = {isa = PBXFileReference; explicitFileType = wrapper.cfbundle; includeInIndex = 0; path = InstaFeedTests.xctest; sourceTree = BUILT_PRODUCTS_DIR; };
		375696492CB8CB8B0026C836 /* InstaFeedUITests.xctest */ = {isa = PBXFileReference; explicitFileType = wrapper.cfbundle; includeInIndex = 0; path = InstaFeedUITests.xctest; sourceTree = BUILT_PRODUCTS_DIR; };
/* End PBXFileReference section */

/* Begin PBXFileSystemSynchronizedBuildFileExceptionSet section */
		375696512CB8CB8B0026C836 /* Exceptions for "InstaFeed" folder in "InstaFeed" target */ = {
			isa = PBXFileSystemSynchronizedBuildFileExceptionSet;
			membershipExceptions = (
				Info.plist,
			);
			target = 375696282CB8CB870026C836 /* InstaFeed */;
		};
/* End PBXFileSystemSynchronizedBuildFileExceptionSet section */

/* Begin PBXFileSystemSynchronizedGroupBuildPhaseMembershipExceptionSet section */
		374469182DCD7A78005EBE07 /* Exceptions for "InstaFeed" folder in "Copy Bundle Resources" phase from "InstaFeed" target */ = {
			isa = PBXFileSystemSynchronizedGroupBuildPhaseMembershipExceptionSet;
			buildPhase = 375696272CB8CB870026C836 /* Resources */;
			membershipExceptions = (
				"Utilities/Extensions/UIColor+Distance.swift",
				"Utilities/Extensions/UIImage+Color.swift",
				"Utilities/Extensions/UIView+Shadow.swift",
			);
		};
/* End PBXFileSystemSynchronizedGroupBuildPhaseMembershipExceptionSet section */

/* Begin PBXFileSystemSynchronizedRootGroup section */
		3756962B2CB8CB870026C836 /* InstaFeed */ = {
			isa = PBXFileSystemSynchronizedRootGroup;
			exceptions = (
				375696512CB8CB8B0026C836 /* Exceptions for "InstaFeed" folder in "InstaFeed" target */,
				374469182DCD7A78005EBE07 /* Exceptions for "InstaFeed" folder in "Copy Bundle Resources" phase from "InstaFeed" target */,
			);
			path = InstaFeed;
			sourceTree = "<group>";
		};
		375696422CB8CB8A0026C836 /* InstaFeedTests */ = {
			isa = PBXFileSystemSynchronizedRootGroup;
			path = InstaFeedTests;
			sourceTree = "<group>";
		};
		3756964C2CB8CB8B0026C836 /* InstaFeedUITests */ = {
			isa = PBXFileSystemSynchronizedRootGroup;
			path = InstaFeedUITests;
			sourceTree = "<group>";
		};
/* End PBXFileSystemSynchronizedRootGroup section */

/* Begin PBXFrameworksBuildPhase section */
		375696262CB8CB870026C836 /* Frameworks */ = {
			isa = PBXFrameworksBuildPhase;
			buildActionMask = 2147483647;
			files = (
			);
			runOnlyForDeploymentPostprocessing = 0;
		};
		3756963C2CB8CB8A0026C836 /* Frameworks */ = {
			isa = PBXFrameworksBuildPhase;
			buildActionMask = 2147483647;
			files = (
			);
			runOnlyForDeploymentPostprocessing = 0;
		};
		375696462CB8CB8B0026C836 /* Frameworks */ = {
			isa = PBXFrameworksBuildPhase;
			buildActionMask = 2147483647;
			files = (
			);
			runOnlyForDeploymentPostprocessing = 0;
		};
/* End PBXFrameworksBuildPhase section */

/* Begin PBXGroup section */
		375696202CB8CB870026C836 = {
			isa = PBXGroup;
			children = (
				3756962B2CB8CB870026C836 /* InstaFeed */,
				375696422CB8CB8A0026C836 /* InstaFeedTests */,
				3756964C2CB8CB8B0026C836 /* InstaFeedUITests */,
				3756962A2CB8CB870026C836 /* Products */,
			);
			sourceTree = "<group>";
		};
		3756962A2CB8CB870026C836 /* Products */ = {
			isa = PBXGroup;
			children = (
				375696292CB8CB870026C836 /* InstaFeed.app */,
				3756963F2CB8CB8A0026C836 /* InstaFeedTests.xctest */,
				375696492CB8CB8B0026C836 /* InstaFeedUITests.xctest */,
			);
			name = Products;
			sourceTree = "<group>";
		};
/* End PBXGroup section */

/* Begin PBXNativeTarget section */
		375696282CB8CB870026C836 /* InstaFeed */ = {
			isa = PBXNativeTarget;
			buildConfigurationList = 375696522CB8CB8B0026C836 /* Build configuration list for PBXNativeTarget "InstaFeed" */;
			buildPhases = (
				375696252CB8CB870026C836 /* Sources */,
				375696262CB8CB870026C836 /* Frameworks */,
				375696272CB8CB870026C836 /* Resources */,
			);
			buildRules = (
			);
			dependencies = (
			);
			fileSystemSynchronizedGroups = (
				3756962B2CB8CB870026C836 /* InstaFeed */,
			);
			name = InstaFeed;
			packageProductDependencies = (
			);
			productName = InstaFeed;
			productReference = 375696292CB8CB870026C836 /* InstaFeed.app */;
			productType = "com.apple.product-type.application";
		};
		3756963E2CB8CB8A0026C836 /* InstaFeedTests */ = {
			isa = PBXNativeTarget;
			buildConfigurationList = 375696572CB8CB8B0026C836 /* Build configuration list for PBXNativeTarget "InstaFeedTests" */;
			buildPhases = (
				3756963B2CB8CB8A0026C836 /* Sources */,
				3756963C2CB8CB8A0026C836 /* Frameworks */,
				3756963D2CB8CB8A0026C836 /* Resources */,
			);
			buildRules = (
			);
			dependencies = (
				375696412CB8CB8A0026C836 /* PBXTargetDependency */,
			);
			fileSystemSynchronizedGroups = (
				375696422CB8CB8A0026C836 /* InstaFeedTests */,
			);
			name = InstaFeedTests;
			packageProductDependencies = (
			);
			productName = InstaFeedTests;
			productReference = 3756963F2CB8CB8A0026C836 /* InstaFeedTests.xctest */;
			productType = "com.apple.product-type.bundle.unit-test";
		};
		375696482CB8CB8B0026C836 /* InstaFeedUITests */ = {
			isa = PBXNativeTarget;
			buildConfigurationList = 3756965A2CB8CB8B0026C836 /* Build configuration list for PBXNativeTarget "InstaFeedUITests" */;
			buildPhases = (
				375696452CB8CB8B0026C836 /* Sources */,
				375696462CB8CB8B0026C836 /* Frameworks */,
				375696472CB8CB8B0026C836 /* Resources */,
			);
			buildRules = (
			);
			dependencies = (
				3756964B2CB8CB8B0026C836 /* PBXTargetDependency */,
			);
			fileSystemSynchronizedGroups = (
				3756964C2CB8CB8B0026C836 /* InstaFeedUITests */,
			);
			name = InstaFeedUITests;
			packageProductDependencies = (
			);
			productName = InstaFeedUITests;
			productReference = 375696492CB8CB8B0026C836 /* InstaFeedUITests.xctest */;
			productType = "com.apple.product-type.bundle.ui-testing";
		};
/* End PBXNativeTarget section */

/* Begin PBXProject section */
		375696212CB8CB870026C836 /* Project object */ = {
			isa = PBXProject;
			attributes = {
				BuildIndependentTargetsInParallel = 1;
				LastSwiftUpdateCheck = 1600;
				LastUpgradeCheck = 1600;
				TargetAttributes = {
					375696282CB8CB870026C836 = {
						CreatedOnToolsVersion = 16.0;
					};
					3756963E2CB8CB8A0026C836 = {
						CreatedOnToolsVersion = 16.0;
						TestTargetID = 375696282CB8CB870026C836;
					};
					375696482CB8CB8B0026C836 = {
						CreatedOnToolsVersion = 16.0;
						TestTargetID = 375696282CB8CB870026C836;
					};
				};
			};
			buildConfigurationList = 375696242CB8CB870026C836 /* Build configuration list for PBXProject "InstaFeed" */;
			developmentRegion = en;
			hasScannedForEncodings = 0;
			knownRegions = (
				en,
				Base,
			);
			mainGroup = 375696202CB8CB870026C836;
			minimizedProjectReferenceProxies = 1;
			preferredProjectObjectVersion = 77;
			productRefGroup = 3756962A2CB8CB870026C836 /* Products */;
			projectDirPath = "";
			projectRoot = "";
			targets = (
				375696282CB8CB870026C836 /* InstaFeed */,
				3756963E2CB8CB8A0026C836 /* InstaFeedTests */,
				375696482CB8CB8B0026C836 /* InstaFeedUITests */,
			);
		};
/* End PBXProject section */

/* Begin PBXResourcesBuildPhase section */
		375696272CB8CB870026C836 /* Resources */ = {
			isa = PBXResourcesBuildPhase;
			buildActionMask = 2147483647;
			files = (
			);
			runOnlyForDeploymentPostprocessing = 0;
		};
		3756963D2CB8CB8A0026C836 /* Resources */ = {
			isa = PBXResourcesBuildPhase;
			buildActionMask = 2147483647;
			files = (
			);
			runOnlyForDeploymentPostprocessing = 0;
		};
		375696472CB8CB8B0026C836 /* Resources */ = {
			isa = PBXResourcesBuildPhase;
			buildActionMask = 2147483647;
			files = (
			);
			runOnlyForDeploymentPostprocessing = 0;
		};
/* End PBXResourcesBuildPhase section */

/* Begin PBXSourcesBuildPhase section */
		375696252CB8CB870026C836 /* Sources */ = {
			isa = PBXSourcesBuildPhase;
			buildActionMask = 2147483647;
			files = (
			);
			runOnlyForDeploymentPostprocessing = 0;
		};
		3756963B2CB8CB8A0026C836 /* Sources */ = {
			isa = PBXSourcesBuildPhase;
			buildActionMask = 2147483647;
			files = (
			);
			runOnlyForDeploymentPostprocessing = 0;
		};
		375696452CB8CB8B0026C836 /* Sources */ = {
			isa = PBXSourcesBuildPhase;
			buildActionMask = 2147483647;
			files = (
			);
			runOnlyForDeploymentPostprocessing = 0;
		};
/* End PBXSourcesBuildPhase section */

/* Begin PBXTargetDependency section */
		375696412CB8CB8A0026C836 /* PBXTargetDependency */ = {
			isa = PBXTargetDependency;
			target = 375696282CB8CB870026C836 /* InstaFeed */;
			targetProxy = 375696402CB8CB8A0026C836 /* PBXContainerItemProxy */;
		};
		3756964B2CB8CB8B0026C836 /* PBXTargetDependency */ = {
			isa = PBXTargetDependency;
			target = 375696282CB8CB870026C836 /* InstaFeed */;
			targetProxy = 3756964A2CB8CB8B0026C836 /* PBXContainerItemProxy */;
		};
/* End PBXTargetDependency section */

/* Begin XCBuildConfiguration section */
		375696532CB8CB8B0026C836 /* Debug */ = {
			isa = XCBuildConfiguration;
			buildSettings = {
				ASSETCATALOG_COMPILER_APPICON_NAME = AppIcon;
				ASSETCATALOG_COMPILER_GLOBAL_ACCENT_COLOR_NAME = AccentColor;
				CODE_SIGN_STYLE = Automatic;
				CURRENT_PROJECT_VERSION = 1;
				DEVELOPMENT_TEAM = NL8AQSQ9WU;
				GENERATE_INFOPLIST_FILE = YES;
				INFOPLIST_FILE = InstaFeed/Info.plist;
				INFOPLIST_KEY_LSApplicationCategoryType = "public.app-category.photography";
				INFOPLIST_KEY_NSPhotoLibraryUsageDescription = "This app requires access to your photo library to analyze and sort your photos based on their dominant colors.";
				INFOPLIST_KEY_UIApplicationSupportsIndirectInputEvents = YES;
				INFOPLIST_KEY_UILaunchStoryboardName = LaunchScreen;
				INFOPLIST_KEY_UIMainStoryboardFile = Main;
				INFOPLIST_KEY_UISupportedInterfaceOrientations = UIInterfaceOrientationPortrait;
				LD_RUNPATH_SEARCH_PATHS = (
					"$(inherited)",
					"@executable_path/Frameworks",
				);
				MARKETING_VERSION = 1.0;
				PRODUCT_BUNDLE_IDENTIFIER = com.hcf0xf9d.InstaFeed;
				PRODUCT_NAME = "$(TARGET_NAME)";
				SWIFT_EMIT_LOC_STRINGS = YES;
				SWIFT_VERSION = 5.0;
				TARGETED_DEVICE_FAMILY = "1,2";
			};
			name = Debug;
		};
		375696542CB8CB8B0026C836 /* Release */ = {
			isa = XCBuildConfiguration;
			buildSettings = {
				ASSETCATALOG_COMPILER_APPICON_NAME = AppIcon;
				ASSETCATALOG_COMPILER_GLOBAL_ACCENT_COLOR_NAME = AccentColor;
				CODE_SIGN_STYLE = Automatic;
				CURRENT_PROJECT_VERSION = 1;
				DEVELOPMENT_TEAM = NL8AQSQ9WU;
				GENERATE_INFOPLIST_FILE = YES;
				INFOPLIST_FILE = InstaFeed/Info.plist;
				INFOPLIST_KEY_LSApplicationCategoryType = "public.app-category.photography";
				INFOPLIST_KEY_NSPhotoLibraryUsageDescription = "This app requires access to your photo library to analyze and sort your photos based on their dominant colors.";
				INFOPLIST_KEY_UIApplicationSupportsIndirectInputEvents = YES;
				INFOPLIST_KEY_UILaunchStoryboardName = LaunchScreen;
				INFOPLIST_KEY_UIMainStoryboardFile = Main;
				INFOPLIST_KEY_UISupportedInterfaceOrientations = UIInterfaceOrientationPortrait;
				LD_RUNPATH_SEARCH_PATHS = (
					"$(inherited)",
					"@executable_path/Frameworks",
				);
				MARKETING_VERSION = 1.0;
				PRODUCT_BUNDLE_IDENTIFIER = com.hcf0xf9d.InstaFeed;
				PRODUCT_NAME = "$(TARGET_NAME)";
				SWIFT_EMIT_LOC_STRINGS = YES;
				SWIFT_VERSION = 5.0;
				TARGETED_DEVICE_FAMILY = "1,2";
			};
			name = Release;
		};
		375696552CB8CB8B0026C836 /* Debug */ = {
			isa = XCBuildConfiguration;
			buildSettings = {
				ALWAYS_SEARCH_USER_PATHS = NO;
				ASSETCATALOG_COMPILER_GENERATE_SWIFT_ASSET_SYMBOL_EXTENSIONS = YES;
				CLANG_ANALYZER_NONNULL = YES;
				CLANG_ANALYZER_NUMBER_OBJECT_CONVERSION = YES_AGGRESSIVE;
				CLANG_CXX_LANGUAGE_STANDARD = "gnu++20";
				CLANG_ENABLE_MODULES = YES;
				CLANG_ENABLE_OBJC_ARC = YES;
				CLANG_ENABLE_OBJC_WEAK = YES;
				CLANG_WARN_BLOCK_CAPTURE_AUTORELEASING = YES;
				CLANG_WARN_BOOL_CONVERSION = YES;
				CLANG_WARN_COMMA = YES;
				CLANG_WARN_CONSTANT_CONVERSION = YES;
				CLANG_WARN_DEPRECATED_OBJC_IMPLEMENTATIONS = YES;
				CLANG_WARN_DIRECT_OBJC_ISA_USAGE = YES_ERROR;
				CLANG_WARN_DOCUMENTATION_COMMENTS = YES;
				CLANG_WARN_EMPTY_BODY = YES;
				CLANG_WARN_ENUM_CONVERSION = YES;
				CLANG_WARN_INFINITE_RECURSION = YES;
				CLANG_WARN_INT_CONVERSION = YES;
				CLANG_WARN_NON_LITERAL_NULL_CONVERSION = YES;
				CLANG_WARN_OBJC_IMPLICIT_RETAIN_SELF = YES;
				CLANG_WARN_OBJC_LITERAL_CONVERSION = YES;
				CLANG_WARN_OBJC_ROOT_CLASS = YES_ERROR;
				CLANG_WARN_QUOTED_INCLUDE_IN_FRAMEWORK_HEADER = YES;
				CLANG_WARN_RANGE_LOOP_ANALYSIS = YES;
				CLANG_WARN_STRICT_PROTOTYPES = YES;
				CLANG_WARN_SUSPICIOUS_MOVE = YES;
				CLANG_WARN_UNGUARDED_AVAILABILITY = YES_AGGRESSIVE;
				CLANG_WARN_UNREACHABLE_CODE = YES;
				CLANG_WARN__DUPLICATE_METHOD_MATCH = YES;
				COPY_PHASE_STRIP = NO;
				DEBUG_INFORMATION_FORMAT = dwarf;
				ENABLE_STRICT_OBJC_MSGSEND = YES;
				ENABLE_TESTABILITY = YES;
				ENABLE_USER_SCRIPT_SANDBOXING = YES;
				GCC_C_LANGUAGE_STANDARD = gnu17;
				GCC_DYNAMIC_NO_PIC = NO;
				GCC_NO_COMMON_BLOCKS = YES;
				GCC_OPTIMIZATION_LEVEL = 0;
				GCC_PREPROCESSOR_DEFINITIONS = (
					"DEBUG=1",
					"$(inherited)",
				);
				GCC_WARN_64_TO_32_BIT_CONVERSION = YES;
				GCC_WARN_ABOUT_RETURN_TYPE = YES_ERROR;
				GCC_WARN_UNDECLARED_SELECTOR = YES;
				GCC_WARN_UNINITIALIZED_AUTOS = YES_AGGRESSIVE;
				GCC_WARN_UNUSED_FUNCTION = YES;
				GCC_WARN_UNUSED_VARIABLE = YES;
				IPHONEOS_DEPLOYMENT_TARGET = 18.0;
				LOCALIZATION_PREFERS_STRING_CATALOGS = YES;
				MTL_ENABLE_DEBUG_INFO = INCLUDE_SOURCE;
				MTL_FAST_MATH = YES;
				ONLY_ACTIVE_ARCH = YES;
				SDKROOT = iphoneos;
				SWIFT_ACTIVE_COMPILATION_CONDITIONS = "DEBUG $(inherited)";
				SWIFT_OPTIMIZATION_LEVEL = "-Onone";
			};
			name = Debug;
		};
		375696562CB8CB8B0026C836 /* Release */ = {
			isa = XCBuildConfiguration;
			buildSettings = {
				ALWAYS_SEARCH_USER_PATHS = NO;
				ASSETCATALOG_COMPILER_GENERATE_SWIFT_ASSET_SYMBOL_EXTENSIONS = YES;
				CLANG_ANALYZER_NONNULL = YES;
				CLANG_ANALYZER_NUMBER_OBJECT_CONVERSION = YES_AGGRESSIVE;
				CLANG_CXX_LANGUAGE_STANDARD = "gnu++20";
				CLANG_ENABLE_MODULES = YES;
				CLANG_ENABLE_OBJC_ARC = YES;
				CLANG_ENABLE_OBJC_WEAK = YES;
				CLANG_WARN_BLOCK_CAPTURE_AUTORELEASING = YES;
				CLANG_WARN_BOOL_CONVERSION = YES;
				CLANG_WARN_COMMA = YES;
				CLANG_WARN_CONSTANT_CONVERSION = YES;
				CLANG_WARN_DEPRECATED_OBJC_IMPLEMENTATIONS = YES;
				CLANG_WARN_DIRECT_OBJC_ISA_USAGE = YES_ERROR;
				CLANG_WARN_DOCUMENTATION_COMMENTS = YES;
				CLANG_WARN_EMPTY_BODY = YES;
				CLANG_WARN_ENUM_CONVERSION = YES;
				CLANG_WARN_INFINITE_RECURSION = YES;
				CLANG_WARN_INT_CONVERSION = YES;
				CLANG_WARN_NON_LITERAL_NULL_CONVERSION = YES;
				CLANG_WARN_OBJC_IMPLICIT_RETAIN_SELF = YES;
				CLANG_WARN_OBJC_LITERAL_CONVERSION = YES;
				CLANG_WARN_OBJC_ROOT_CLASS = YES_ERROR;
				CLANG_WARN_QUOTED_INCLUDE_IN_FRAMEWORK_HEADER = YES;
				CLANG_WARN_RANGE_LOOP_ANALYSIS = YES;
				CLANG_WARN_STRICT_PROTOTYPES = YES;
				CLANG_WARN_SUSPICIOUS_MOVE = YES;
				CLANG_WARN_UNGUARDED_AVAILABILITY = YES_AGGRESSIVE;
				CLANG_WARN_UNREACHABLE_CODE = YES;
				CLANG_WARN__DUPLICATE_METHOD_MATCH = YES;
				COPY_PHASE_STRIP = NO;
				DEBUG_INFORMATION_FORMAT = "dwarf-with-dsym";
				ENABLE_NS_ASSERTIONS = NO;
				ENABLE_STRICT_OBJC_MSGSEND = YES;
				ENABLE_USER_SCRIPT_SANDBOXING = YES;
				GCC_C_LANGUAGE_STANDARD = gnu17;
				GCC_NO_COMMON_BLOCKS = YES;
				GCC_WARN_64_TO_32_BIT_CONVERSION = YES;
				GCC_WARN_ABOUT_RETURN_TYPE = YES_ERROR;
				GCC_WARN_UNDECLARED_SELECTOR = YES;
				GCC_WARN_UNINITIALIZED_AUTOS = YES_AGGRESSIVE;
				GCC_WARN_UNUSED_FUNCTION = YES;
				GCC_WARN_UNUSED_VARIABLE = YES;
				IPHONEOS_DEPLOYMENT_TARGET = 18.0;
				LOCALIZATION_PREFERS_STRING_CATALOGS = YES;
				MTL_ENABLE_DEBUG_INFO = NO;
				MTL_FAST_MATH = YES;
				SDKROOT = iphoneos;
				SWIFT_COMPILATION_MODE = wholemodule;
				VALIDATE_PRODUCT = YES;
			};
			name = Release;
		};
		375696582CB8CB8B0026C836 /* Debug */ = {
			isa = XCBuildConfiguration;
			buildSettings = {
				BUNDLE_LOADER = "$(TEST_HOST)";
				CODE_SIGN_STYLE = Automatic;
				CURRENT_PROJECT_VERSION = 1;
				GENERATE_INFOPLIST_FILE = YES;
				IPHONEOS_DEPLOYMENT_TARGET = 18.0;
				MARKETING_VERSION = 1.0;
				PRODUCT_BUNDLE_IDENTIFIER = com.hcf0xf9d.InstaFeedTests;
				PRODUCT_NAME = "$(TARGET_NAME)";
				SWIFT_EMIT_LOC_STRINGS = NO;
				SWIFT_VERSION = 5.0;
				TARGETED_DEVICE_FAMILY = "1,2";
				TEST_HOST = "$(BUILT_PRODUCTS_DIR)/InstaFeed.app/$(BUNDLE_EXECUTABLE_FOLDER_PATH)/InstaFeed";
			};
			name = Debug;
		};
		375696592CB8CB8B0026C836 /* Release */ = {
			isa = XCBuildConfiguration;
			buildSettings = {
				BUNDLE_LOADER = "$(TEST_HOST)";
				CODE_SIGN_STYLE = Automatic;
				CURRENT_PROJECT_VERSION = 1;
				GENERATE_INFOPLIST_FILE = YES;
				IPHONEOS_DEPLOYMENT_TARGET = 18.0;
				MARKETING_VERSION = 1.0;
				PRODUCT_BUNDLE_IDENTIFIER = com.hcf0xf9d.InstaFeedTests;
				PRODUCT_NAME = "$(TARGET_NAME)";
				SWIFT_EMIT_LOC_STRINGS = NO;
				SWIFT_VERSION = 5.0;
				TARGETED_DEVICE_FAMILY = "1,2";
				TEST_HOST = "$(BUILT_PRODUCTS_DIR)/InstaFeed.app/$(BUNDLE_EXECUTABLE_FOLDER_PATH)/InstaFeed";
			};
			name = Release;
		};
		3756965B2CB8CB8B0026C836 /* Debug */ = {
			isa = XCBuildConfiguration;
			buildSettings = {
				CODE_SIGN_STYLE = Automatic;
				CURRENT_PROJECT_VERSION = 1;
				GENERATE_INFOPLIST_FILE = YES;
				MARKETING_VERSION = 1.0;
				PRODUCT_BUNDLE_IDENTIFIER = com.hcf0xf9d.InstaFeedUITests;
				PRODUCT_NAME = "$(TARGET_NAME)";
				SWIFT_EMIT_LOC_STRINGS = NO;
				SWIFT_VERSION = 5.0;
				TARGETED_DEVICE_FAMILY = "1,2";
				TEST_TARGET_NAME = InstaFeed;
			};
			name = Debug;
		};
		3756965C2CB8CB8B0026C836 /* Release */ = {
			isa = XCBuildConfiguration;
			buildSettings = {
				CODE_SIGN_STYLE = Automatic;
				CURRENT_PROJECT_VERSION = 1;
				GENERATE_INFOPLIST_FILE = YES;
				MARKETING_VERSION = 1.0;
				PRODUCT_BUNDLE_IDENTIFIER = com.hcf0xf9d.InstaFeedUITests;
				PRODUCT_NAME = "$(TARGET_NAME)";
				SWIFT_EMIT_LOC_STRINGS = NO;
				SWIFT_VERSION = 5.0;
				TARGETED_DEVICE_FAMILY = "1,2";
				TEST_TARGET_NAME = InstaFeed;
			};
			name = Release;
		};
/* End XCBuildConfiguration section */

/* Begin XCConfigurationList section */
		375696242CB8CB870026C836 /* Build configuration list for PBXProject "InstaFeed" */ = {
			isa = XCConfigurationList;
			buildConfigurations = (
				375696552CB8CB8B0026C836 /* Debug */,
				375696562CB8CB8B0026C836 /* Release */,
			);
			defaultConfigurationIsVisible = 0;
			defaultConfigurationName = Release;
		};
		375696522CB8CB8B0026C836 /* Build configuration list for PBXNativeTarget "InstaFeed" */ = {
			isa = XCConfigurationList;
			buildConfigurations = (
				375696532CB8CB8B0026C836 /* Debug */,
				375696542CB8CB8B0026C836 /* Release */,
			);
			defaultConfigurationIsVisible = 0;
			defaultConfigurationName = Release;
		};
		375696572CB8CB8B0026C836 /* Build configuration list for PBXNativeTarget "InstaFeedTests" */ = {
			isa = XCConfigurationList;
			buildConfigurations = (
				375696582CB8CB8B0026C836 /* Debug */,
				375696592CB8CB8B0026C836 /* Release */,
			);
			defaultConfigurationIsVisible = 0;
			defaultConfigurationName = Release;
		};
		3756965A2CB8CB8B0026C836 /* Build configuration list for PBXNativeTarget "InstaFeedUITests" */ = {
			isa = XCConfigurationList;
			buildConfigurations = (
				3756965B2CB8CB8B0026C836 /* Debug */,
				3756965C2CB8CB8B0026C836 /* Release */,
			);
			defaultConfigurationIsVisible = 0;
			defaultConfigurationName = Release;
		};
/* End XCConfigurationList section */
	};
	rootObject = 375696212CB8CB870026C836 /* Project object */;
}
